<?xml version="1.0" encoding="utf-8"?>
<Project ToolsVersion="14.0" xmlns="http://schemas.microsoft.com/developer/msbuild/2003">
  <ItemGroup>
    <Filter Include="Resource Files">
      <UniqueIdentifier>{67DA6AB6-F800-4c08-8B7A-83BB121AAD01}</UniqueIdentifier>
      <Extensions>rc;ico;cur;bmp;dlg;rc2;rct;bin;rgs;gif;jpg;jpeg;jpe;resx;tga;tiff;tif;png;wav;mfcribbon-ms</Extensions>
    </Filter>
  </ItemGroup>
  <ItemGroup>
    <ClCompile Include="FiNESCore.cpp" />
    <ClCompile Include="pch.cpp" />
    <ClCompile Include="Source\CPU\NESCPU.cpp" />
    <ClCompile Include="Source\NES\NES.cpp" />
  </ItemGroup>
  <ItemGroup>
    <ClInclude Include="FiNESCore.h" />
    <ClInclude Include="pch.h" />
    <ClInclude Include="targetver.h" />
    <ClInclude Include="Source\CPU\Opcodes\NESOpcodes.h" />
    <ClInclude Include="Source\CPU\NESCPU.h" />
    <ClInclude Include="Source\NES\NES.h" />
  </ItemGroup>
</Project>